
Microsoft Visual Studio Solution File, Format Version 12.00
# Visual Studio Version 17
VisualStudioVersion = 17.14.36518.9
MinimumVisualStudioVersion = 10.0.40219.1
Project("{2150E333-8FDC-42A3-9474-1A3956D46DE8}") = "src", "src", "{02EA681E-C7D8-13C7-8484-4AC65E1B71E8}"
EndProject
Project("{2150E333-8FDC-42A3-9474-1A3956D46DE8}") = "tests", "tests", "{FE3B311F-E041-431E-AD47-20101A4A4EBC}"
EndProject
Project("{FAE04EC0-301F-11D3-BF4B-00C04F79EFBC}") = "WorkShops.Api", "src\WorkShops.Api\WorkShops.Api.csproj", "{E2F213A9-B317-4F7F-8E5F-22317CA96DF9}"
EndProject
Project("{FAE04EC0-301F-11D3-BF4B-00C04F79EFBC}") = "WorkShops.Domain", "src\WorkShops.Domain\WorkShops.Domain.csproj", "{08BA2AF0-0EAB-4693-BAF9-5F9766AA28D5}"
EndProject
Project("{2150E333-8FDC-42A3-9474-1A3956D46DE8}") = "building", "building", "{79682C70-01A4-47F7-A3B8-DDD4E8393511}"
EndProject
Project("{2150E333-8FDC-42A3-9474-1A3956D46DE8}") = "services", "services", "{44CDE0B1-C803-425B-AF55-8AC9E6DDE02E}"
EndProject
Project("{FAE04EC0-301F-11D3-BF4B-00C04F79EFBC}") = "Danps.Core", "src\Danps.Core\Danps.Core.csproj", "{503C894F-092E-712C-7E06-35A4F103DAA9}"
EndProject
Project("{FAE04EC0-301F-11D3-BF4B-00C04F79EFBC}") = "Danps.WebAPI.Core", "src\Danps.WebAPI.Core\Danps.WebAPI.Core.csproj", "{334940A4-99DD-B470-E542-E3E9080EE5C0}"
EndProject
Project("{FAE04EC0-301F-11D3-BF4B-00C04F79EFBC}") = "WorkShops.Infra", "src\WorkShops.Infra\WorkShops.Infra.csproj", "{195C71A2-A9E1-A42A-C56C-B0C1CD030D31}"
EndProject
Project("{FAE04EC0-301F-11D3-BF4B-00C04F79EFBC}") = "Danps.Identity.API", "src\Danps.Identity.API\Danps.Identity.API.csproj", "{384A120F-38CD-5266-5F69-1298F3D9EFED}"
EndProject
Global
	GlobalSection(SolutionConfigurationPlatforms) = preSolution
		Debug|Any CPU = Debug|Any CPU
		Release|Any CPU = Release|Any CPU
	EndGlobalSection
	GlobalSection(ProjectConfigurationPlatforms) = postSolution
		{E2F213A9-B317-4F7F-8E5F-22317CA96DF9}.Debug|Any CPU.ActiveCfg = Debug|Any CPU
		{E2F213A9-B317-4F7F-8E5F-22317CA96DF9}.Debug|Any CPU.Build.0 = Debug|Any CPU
		{E2F213A9-B317-4F7F-8E5F-22317CA96DF9}.Release|Any CPU.ActiveCfg = Release|Any CPU
		{E2F213A9-B317-4F7F-8E5F-22317CA96DF9}.Release|Any CPU.Build.0 = Release|Any CPU
		{08BA2AF0-0EAB-4693-BAF9-5F9766AA28D5}.Debug|Any CPU.ActiveCfg = Debug|Any CPU
		{08BA2AF0-0EAB-4693-BAF9-5F9766AA28D5}.Debug|Any CPU.Build.0 = Debug|Any CPU
		{08BA2AF0-0EAB-4693-BAF9-5F9766AA28D5}.Release|Any CPU.ActiveCfg = Release|Any CPU
		{08BA2AF0-0EAB-4693-BAF9-5F9766AA28D5}.Release|Any CPU.Build.0 = Release|Any CPU
		{503C894F-092E-712C-7E06-35A4F103DAA9}.Debug|Any CPU.ActiveCfg = Debug|Any CPU
		{503C894F-092E-712C-7E06-35A4F103DAA9}.Debug|Any CPU.Build.0 = Debug|Any CPU
		{503C894F-092E-712C-7E06-35A4F103DAA9}.Release|Any CPU.ActiveCfg = Release|Any CPU
		{503C894F-092E-712C-7E06-35A4F103DAA9}.Release|Any CPU.Build.0 = Release|Any CPU
		{334940A4-99DD-B470-E542-E3E9080EE5C0}.Debug|Any CPU.ActiveCfg = Debug|Any CPU
		{334940A4-99DD-B470-E542-E3E9080EE5C0}.Debug|Any CPU.Build.0 = Debug|Any CPU
		{334940A4-99DD-B470-E542-E3E9080EE5C0}.Release|Any CPU.ActiveCfg = Release|Any CPU
		{334940A4-99DD-B470-E542-E3E9080EE5C0}.Release|Any CPU.Build.0 = Release|Any CPU
		{195C71A2-A9E1-A42A-C56C-B0C1CD030D31}.Debug|Any CPU.ActiveCfg = Debug|Any CPU
		{195C71A2-A9E1-A42A-C56C-B0C1CD030D31}.Debug|Any CPU.Build.0 = Debug|Any CPU
		{195C71A2-A9E1-A42A-C56C-B0C1CD030D31}.Release|Any CPU.ActiveCfg = Release|Any CPU
		{195C71A2-A9E1-A42A-C56C-B0C1CD030D31}.Release|Any CPU.Build.0 = Release|Any CPU
		{384A120F-38CD-5266-5F69-1298F3D9EFED}.Debug|Any CPU.ActiveCfg = Debug|Any CPU
		{384A120F-38CD-5266-5F69-1298F3D9EFED}.Debug|Any CPU.Build.0 = Debug|Any CPU
		{384A120F-38CD-5266-5F69-1298F3D9EFED}.Release|Any CPU.ActiveCfg = Release|Any CPU
		{384A120F-38CD-5266-5F69-1298F3D9EFED}.Release|Any CPU.Build.0 = Release|Any CPU
	EndGlobalSection
	GlobalSection(SolutionProperties) = preSolution
		HideSolutionNode = FALSE
	EndGlobalSection
	GlobalSection(NestedProjects) = preSolution
		{E2F213A9-B317-4F7F-8E5F-22317CA96DF9} = {44CDE0B1-C803-425B-AF55-8AC9E6DDE02E}
		{08BA2AF0-0EAB-4693-BAF9-5F9766AA28D5} = {44CDE0B1-C803-425B-AF55-8AC9E6DDE02E}
		{79682C70-01A4-47F7-A3B8-DDD4E8393511} = {02EA681E-C7D8-13C7-8484-4AC65E1B71E8}
		{44CDE0B1-C803-425B-AF55-8AC9E6DDE02E} = {02EA681E-C7D8-13C7-8484-4AC65E1B71E8}
		{503C894F-092E-712C-7E06-35A4F103DAA9} = {79682C70-01A4-47F7-A3B8-DDD4E8393511}
		{334940A4-99DD-B470-E542-E3E9080EE5C0} = {79682C70-01A4-47F7-A3B8-DDD4E8393511}
		{195C71A2-A9E1-A42A-C56C-B0C1CD030D31} = {44CDE0B1-C803-425B-AF55-8AC9E6DDE02E}
		{384A120F-38CD-5266-5F69-1298F3D9EFED} = {44CDE0B1-C803-425B-AF55-8AC9E6DDE02E}
	EndGlobalSection
	GlobalSection(ExtensibilityGlobals) = postSolution
		SolutionGuid = {B733131F-5EE7-4EC1-B0D4-EEE3B05A6A77}
	EndGlobalSection
EndGlobal
