
Microsoft Visual Studio Solution File, Format Version 12.00
# Visual Studio Version 17
VisualStudioVersion = 17.12.35527.113 d17.12
MinimumVisualStudioVersion = 10.0.40219.1
Project("{FAE04EC0-301F-11D3-BF4B-00C04F79EFBC}") = "DanpsPack.FleetToolkit", "DanpsPack.FleetToolkit\DanpsPack.FleetToolkit.csproj", "{3FF228F5-56E9-464C-9DF7-AB07111A44EA}"
EndProject
Project("{2150E333-8FDC-42A3-9474-1A3956D46DE8}") = "Solution Items", "Solution Items", "{C6745DE4-0C27-4122-97A5-6637F41FF7D8}"
	ProjectSection(SolutionItems) = preProject
		nuget.config = nuget.config
	EndProjectSection
EndProject
Project("{FAE04EC0-301F-11D3-BF4B-00C04F79EFBC}") = "DanpsPack.FleetApp", "DanpsPack.FleetApp\DanpsPack.FleetApp.csproj", "{80ABE3F1-3BDB-4474-9BF3-E340BBB69DE0}"
EndProject
Global
	GlobalSection(SolutionConfigurationPlatforms) = preSolution
		Debug|Any CPU = Debug|Any CPU
		Release|Any CPU = Release|Any CPU
	EndGlobalSection
	GlobalSection(ProjectConfigurationPlatforms) = postSolution
		{3FF228F5-56E9-464C-9DF7-AB07111A44EA}.Debug|Any CPU.ActiveCfg = Debug|Any CPU
		{3FF228F5-56E9-464C-9DF7-AB07111A44EA}.Debug|Any CPU.Build.0 = Debug|Any CPU
		{3FF228F5-56E9-464C-9DF7-AB07111A44EA}.Release|Any CPU.ActiveCfg = Release|Any CPU
		{3FF228F5-56E9-464C-9DF7-AB07111A44EA}.Release|Any CPU.Build.0 = Release|Any CPU
		{80ABE3F1-3BDB-4474-9BF3-E340BBB69DE0}.Debug|Any CPU.ActiveCfg = Debug|Any CPU
		{80ABE3F1-3BDB-4474-9BF3-E340BBB69DE0}.Debug|Any CPU.Build.0 = Debug|Any CPU
		{80ABE3F1-3BDB-4474-9BF3-E340BBB69DE0}.Release|Any CPU.ActiveCfg = Release|Any CPU
		{80ABE3F1-3BDB-4474-9BF3-E340BBB69DE0}.Release|Any CPU.Build.0 = Release|Any CPU
	EndGlobalSection
	GlobalSection(SolutionProperties) = preSolution
		HideSolutionNode = FALSE
	EndGlobalSection
EndGlobal
