
Microsoft Visual Studio Solution File, Format Version 12.00
# Visual Studio Version 16
VisualStudioVersion = 16.0.32126.315
MinimumVisualStudioVersion = 10.0.40219.1
Project("{2150E333-8FDC-42A3-9474-1A3956D46DE8}") = "Core", "Core", "{45072E9A-D4E6-40B8-9E81-ECA0EBFB8549}"
EndProject
Project("{9A19103F-16F7-4668-BE54-9A1E7A4F7556}") = "Danps.Core", "src\Danps.Core\Danps.Core.csproj", "{E0F64CF8-5846-4DD7-ABD9-363CF8E55756}"
EndProject
Project("{9A19103F-16F7-4668-BE54-9A1E7A4F7556}") = "Danps.MinhaAPI", "src\Danps.MinhaAPI\Danps.MinhaAPI.csproj", "{DA881E1F-F025-4A05-BA04-F2DF321556DA}"
EndProject
Project("{2150E333-8FDC-42A3-9474-1A3956D46DE8}") = "Aplicacao", "Aplicacao", "{4521DF2D-F5BA-41CA-A90A-3023FF3F5AF9}"
EndProject
Project("{9A19103F-16F7-4668-BE54-9A1E7A4F7556}") = "Danps.Catalogo.Domain", "src\Danps.Catalogo.Domain\Danps.Catalogo.Domain.csproj", "{C3519B90-3EBA-4F4B-915F-C0F66C8B0BF4}"
EndProject
Project("{2150E333-8FDC-42A3-9474-1A3956D46DE8}") = "Tests", "Tests", "{F78EB5FF-8E82-4159-BE4E-020413E74C64}"
EndProject
Project("{9A19103F-16F7-4668-BE54-9A1E7A4F7556}") = "Danps.ConsoleApp.Bancos", "tests\Danps.ConsoleApp.Bancos\Danps.ConsoleApp.Bancos.csproj", "{9CBAA3D3-DDB9-4F92-91EA-6D42EE8A7CB4}"
EndProject
Project("{9A19103F-16F7-4668-BE54-9A1E7A4F7556}") = "Danps.ConsoleApp.SGDG", "tests\Danps.ConsoleApp.SGDG\Danps.ConsoleApp.SGDG.csproj", "{BDB4EF94-7CA2-46AA-B5C5-0788BB95B3DB}"
EndProject
Project("{9A19103F-16F7-4668-BE54-9A1E7A4F7556}") = "NerdStore.Catalogo.Domain", "tests\NerdStore.Catalogo.Domain\NerdStore.Catalogo.Domain.csproj", "{2CCD23B5-C05E-431D-947C-19A883E989D2}"
EndProject
Project("{9A19103F-16F7-4668-BE54-9A1E7A4F7556}") = "ReplaceAlls", "ReplaceAlls\ReplaceAlls.csproj", "{054DA5C9-B432-44C9-891E-0C4E554F8816}"
EndProject
Project("{9A19103F-16F7-4668-BE54-9A1E7A4F7556}") = "PocketApp", "tests\PocketApp\PocketApp.csproj", "{3BFC33DA-EB03-4A25-9D41-BF158C758B13}"
EndProject
Project("{9A19103F-16F7-4668-BE54-9A1E7A4F7556}") = "Danps.PrecoMedio.Domain", "tests\Danps.PrecoMedio.Domain\Danps.PrecoMedio.Domain.csproj", "{C24DC373-8ADE-4850-8CD3-FBE423A1E95B}"
EndProject
Project("{9A19103F-16F7-4668-BE54-9A1E7A4F7556}") = "Danps.PrecoMedio.ConsoleApp1", "tests\Danps.PrecoMedio.ConsoleApp1\Danps.PrecoMedio.ConsoleApp1.csproj", "{81DB5828-97AC-4E4A-9373-DFCAC48D338B}"
EndProject
Project("{2150E333-8FDC-42A3-9474-1A3956D46DE8}") = "src", "src", "{A3398D6A-D2D1-4D0D-836C-5C62128306F5}"
EndProject
Project("{9A19103F-16F7-4668-BE54-9A1E7A4F7556}") = "Danps.My.Domain", "src\Danps.My.Domain\Danps.My.Domain.csproj", "{224FC4EA-E513-4152-8991-1500D42E1D2B}"
EndProject
Project("{9A19103F-16F7-4668-BE54-9A1E7A4F7556}") = "Danps.My.Data", "src\Danps.My.Data\Danps.My.Data.csproj", "{26737731-FB15-40A9-A045-F4F13D24A122}"
EndProject
Project("{9A19103F-16F7-4668-BE54-9A1E7A4F7556}") = "Danps.My.Json", "src\Danps.My.Json\Danps.My.Json.csproj", "{400CF37B-7535-4E49-A885-4A36E40B82C0}"
EndProject
Project("{FAE04EC0-301F-11D3-BF4B-00C04F79EFBC}") = "MediceApp", "tests\MediceApp\MediceApp.csproj", "{7EA78DCA-96EA-48CA-A414-0CEAA6AC67E4}"
EndProject
Global
	GlobalSection(SolutionConfigurationPlatforms) = preSolution
		Debug|Any CPU = Debug|Any CPU
		Release|Any CPU = Release|Any CPU
	EndGlobalSection
	GlobalSection(ProjectConfigurationPlatforms) = postSolution
		{E0F64CF8-5846-4DD7-ABD9-363CF8E55756}.Debug|Any CPU.ActiveCfg = Debug|Any CPU
		{E0F64CF8-5846-4DD7-ABD9-363CF8E55756}.Debug|Any CPU.Build.0 = Debug|Any CPU
		{E0F64CF8-5846-4DD7-ABD9-363CF8E55756}.Release|Any CPU.ActiveCfg = Release|Any CPU
		{E0F64CF8-5846-4DD7-ABD9-363CF8E55756}.Release|Any CPU.Build.0 = Release|Any CPU
		{DA881E1F-F025-4A05-BA04-F2DF321556DA}.Debug|Any CPU.ActiveCfg = Debug|Any CPU
		{DA881E1F-F025-4A05-BA04-F2DF321556DA}.Debug|Any CPU.Build.0 = Debug|Any CPU
		{DA881E1F-F025-4A05-BA04-F2DF321556DA}.Release|Any CPU.ActiveCfg = Release|Any CPU
		{DA881E1F-F025-4A05-BA04-F2DF321556DA}.Release|Any CPU.Build.0 = Release|Any CPU
		{C3519B90-3EBA-4F4B-915F-C0F66C8B0BF4}.Debug|Any CPU.ActiveCfg = Debug|Any CPU
		{C3519B90-3EBA-4F4B-915F-C0F66C8B0BF4}.Debug|Any CPU.Build.0 = Debug|Any CPU
		{C3519B90-3EBA-4F4B-915F-C0F66C8B0BF4}.Release|Any CPU.ActiveCfg = Release|Any CPU
		{C3519B90-3EBA-4F4B-915F-C0F66C8B0BF4}.Release|Any CPU.Build.0 = Release|Any CPU
		{9CBAA3D3-DDB9-4F92-91EA-6D42EE8A7CB4}.Debug|Any CPU.ActiveCfg = Debug|Any CPU
		{9CBAA3D3-DDB9-4F92-91EA-6D42EE8A7CB4}.Debug|Any CPU.Build.0 = Debug|Any CPU
		{9CBAA3D3-DDB9-4F92-91EA-6D42EE8A7CB4}.Release|Any CPU.ActiveCfg = Release|Any CPU
		{9CBAA3D3-DDB9-4F92-91EA-6D42EE8A7CB4}.Release|Any CPU.Build.0 = Release|Any CPU
		{BDB4EF94-7CA2-46AA-B5C5-0788BB95B3DB}.Debug|Any CPU.ActiveCfg = Debug|Any CPU
		{BDB4EF94-7CA2-46AA-B5C5-0788BB95B3DB}.Debug|Any CPU.Build.0 = Debug|Any CPU
		{BDB4EF94-7CA2-46AA-B5C5-0788BB95B3DB}.Release|Any CPU.ActiveCfg = Release|Any CPU
		{BDB4EF94-7CA2-46AA-B5C5-0788BB95B3DB}.Release|Any CPU.Build.0 = Release|Any CPU
		{2CCD23B5-C05E-431D-947C-19A883E989D2}.Debug|Any CPU.ActiveCfg = Debug|Any CPU
		{2CCD23B5-C05E-431D-947C-19A883E989D2}.Debug|Any CPU.Build.0 = Debug|Any CPU
		{2CCD23B5-C05E-431D-947C-19A883E989D2}.Release|Any CPU.ActiveCfg = Release|Any CPU
		{2CCD23B5-C05E-431D-947C-19A883E989D2}.Release|Any CPU.Build.0 = Release|Any CPU
		{054DA5C9-B432-44C9-891E-0C4E554F8816}.Debug|Any CPU.ActiveCfg = Debug|Any CPU
		{054DA5C9-B432-44C9-891E-0C4E554F8816}.Debug|Any CPU.Build.0 = Debug|Any CPU
		{054DA5C9-B432-44C9-891E-0C4E554F8816}.Release|Any CPU.ActiveCfg = Release|Any CPU
		{054DA5C9-B432-44C9-891E-0C4E554F8816}.Release|Any CPU.Build.0 = Release|Any CPU
		{3BFC33DA-EB03-4A25-9D41-BF158C758B13}.Debug|Any CPU.ActiveCfg = Debug|Any CPU
		{3BFC33DA-EB03-4A25-9D41-BF158C758B13}.Debug|Any CPU.Build.0 = Debug|Any CPU
		{3BFC33DA-EB03-4A25-9D41-BF158C758B13}.Release|Any CPU.ActiveCfg = Release|Any CPU
		{3BFC33DA-EB03-4A25-9D41-BF158C758B13}.Release|Any CPU.Build.0 = Release|Any CPU
		{C24DC373-8ADE-4850-8CD3-FBE423A1E95B}.Debug|Any CPU.ActiveCfg = Debug|Any CPU
		{C24DC373-8ADE-4850-8CD3-FBE423A1E95B}.Debug|Any CPU.Build.0 = Debug|Any CPU
		{C24DC373-8ADE-4850-8CD3-FBE423A1E95B}.Release|Any CPU.ActiveCfg = Release|Any CPU
		{C24DC373-8ADE-4850-8CD3-FBE423A1E95B}.Release|Any CPU.Build.0 = Release|Any CPU
		{81DB5828-97AC-4E4A-9373-DFCAC48D338B}.Debug|Any CPU.ActiveCfg = Debug|Any CPU
		{81DB5828-97AC-4E4A-9373-DFCAC48D338B}.Debug|Any CPU.Build.0 = Debug|Any CPU
		{81DB5828-97AC-4E4A-9373-DFCAC48D338B}.Release|Any CPU.ActiveCfg = Release|Any CPU
		{81DB5828-97AC-4E4A-9373-DFCAC48D338B}.Release|Any CPU.Build.0 = Release|Any CPU
		{224FC4EA-E513-4152-8991-1500D42E1D2B}.Debug|Any CPU.ActiveCfg = Debug|Any CPU
		{224FC4EA-E513-4152-8991-1500D42E1D2B}.Debug|Any CPU.Build.0 = Debug|Any CPU
		{224FC4EA-E513-4152-8991-1500D42E1D2B}.Release|Any CPU.ActiveCfg = Release|Any CPU
		{224FC4EA-E513-4152-8991-1500D42E1D2B}.Release|Any CPU.Build.0 = Release|Any CPU
		{26737731-FB15-40A9-A045-F4F13D24A122}.Debug|Any CPU.ActiveCfg = Debug|Any CPU
		{26737731-FB15-40A9-A045-F4F13D24A122}.Debug|Any CPU.Build.0 = Debug|Any CPU
		{26737731-FB15-40A9-A045-F4F13D24A122}.Release|Any CPU.ActiveCfg = Release|Any CPU
		{26737731-FB15-40A9-A045-F4F13D24A122}.Release|Any CPU.Build.0 = Release|Any CPU
		{400CF37B-7535-4E49-A885-4A36E40B82C0}.Debug|Any CPU.ActiveCfg = Debug|Any CPU
		{400CF37B-7535-4E49-A885-4A36E40B82C0}.Debug|Any CPU.Build.0 = Debug|Any CPU
		{400CF37B-7535-4E49-A885-4A36E40B82C0}.Release|Any CPU.ActiveCfg = Release|Any CPU
		{400CF37B-7535-4E49-A885-4A36E40B82C0}.Release|Any CPU.Build.0 = Release|Any CPU
		{7EA78DCA-96EA-48CA-A414-0CEAA6AC67E4}.Debug|Any CPU.ActiveCfg = Debug|Any CPU
		{7EA78DCA-96EA-48CA-A414-0CEAA6AC67E4}.Debug|Any CPU.Build.0 = Debug|Any CPU
		{7EA78DCA-96EA-48CA-A414-0CEAA6AC67E4}.Release|Any CPU.ActiveCfg = Release|Any CPU
		{7EA78DCA-96EA-48CA-A414-0CEAA6AC67E4}.Release|Any CPU.Build.0 = Release|Any CPU
	EndGlobalSection
	GlobalSection(SolutionProperties) = preSolution
		HideSolutionNode = FALSE
	EndGlobalSection
	GlobalSection(NestedProjects) = preSolution
		{E0F64CF8-5846-4DD7-ABD9-363CF8E55756} = {45072E9A-D4E6-40B8-9E81-ECA0EBFB8549}
		{DA881E1F-F025-4A05-BA04-F2DF321556DA} = {45072E9A-D4E6-40B8-9E81-ECA0EBFB8549}
		{C3519B90-3EBA-4F4B-915F-C0F66C8B0BF4} = {4521DF2D-F5BA-41CA-A90A-3023FF3F5AF9}
		{9CBAA3D3-DDB9-4F92-91EA-6D42EE8A7CB4} = {F78EB5FF-8E82-4159-BE4E-020413E74C64}
		{BDB4EF94-7CA2-46AA-B5C5-0788BB95B3DB} = {F78EB5FF-8E82-4159-BE4E-020413E74C64}
		{2CCD23B5-C05E-431D-947C-19A883E989D2} = {F78EB5FF-8E82-4159-BE4E-020413E74C64}
		{054DA5C9-B432-44C9-891E-0C4E554F8816} = {F78EB5FF-8E82-4159-BE4E-020413E74C64}
		{3BFC33DA-EB03-4A25-9D41-BF158C758B13} = {F78EB5FF-8E82-4159-BE4E-020413E74C64}
		{C24DC373-8ADE-4850-8CD3-FBE423A1E95B} = {F78EB5FF-8E82-4159-BE4E-020413E74C64}
		{81DB5828-97AC-4E4A-9373-DFCAC48D338B} = {F78EB5FF-8E82-4159-BE4E-020413E74C64}
		{224FC4EA-E513-4152-8991-1500D42E1D2B} = {A3398D6A-D2D1-4D0D-836C-5C62128306F5}
		{26737731-FB15-40A9-A045-F4F13D24A122} = {A3398D6A-D2D1-4D0D-836C-5C62128306F5}
		{400CF37B-7535-4E49-A885-4A36E40B82C0} = {A3398D6A-D2D1-4D0D-836C-5C62128306F5}
		{7EA78DCA-96EA-48CA-A414-0CEAA6AC67E4} = {F78EB5FF-8E82-4159-BE4E-020413E74C64}
	EndGlobalSection
	GlobalSection(ExtensibilityGlobals) = postSolution
		SolutionGuid = {2181858F-48F0-4331-B5FD-B30AF28C3B50}
	EndGlobalSection
EndGlobal
